
Microsoft Visual Studio Solution File, Format Version 12.00
# Visual Studio 15
VisualStudioVersion = 15.0.28307.168
MinimumVisualStudioVersion = 10.0.40219.1
Project("{FAE04EC0-301F-11D3-BF4B-00C04F79EFBC}") = "territory.mobi", "territory.mobi\territory.mobi.csproj", "{AD62A666-39B9-408A-8705-AA90A24724B8}"
EndProject
Global
	GlobalSection(SolutionConfigurationPlatforms) = preSolution
		Debug|Any CPU = Debug|Any CPU
		Release|Any CPU = Release|Any CPU
	EndGlobalSection
	GlobalSection(ProjectConfigurationPlatforms) = postSolution
		{AD62A666-39B9-408A-8705-AA90A24724B8}.Debug|Any CPU.ActiveCfg = Debug|Any CPU
		{AD62A666-39B9-408A-8705-AA90A24724B8}.Debug|Any CPU.Build.0 = Debug|Any CPU
		{AD62A666-39B9-408A-8705-AA90A24724B8}.Release|Any CPU.ActiveCfg = Release|Any CPU
		{AD62A666-39B9-408A-8705-AA90A24724B8}.Release|Any CPU.Build.0 = Release|Any CPU
	EndGlobalSection
	GlobalSection(SolutionProperties) = preSolution
		HideSolutionNode = FALSE
	EndGlobalSection
	GlobalSection(ExtensibilityGlobals) = postSolution
		SolutionGuid = {B94DAF61-0A3D-4110-8727-E61666B04CDD}
	EndGlobalSection
EndGlobal
